// !$*UTF8*$!
{
	archiveVersion = 1;
	classes = {
	};
	objectVersion = 56;
	objects = {

/* Begin PBXBuildFile section */
		1E44CA9F2920D8970094B82F /* ViewController.swift in Sources */ = {isa = PBXBuildFile; fileRef = 1E44CA9E2920D8970094B82F /* ViewController.swift */; };
		1E44CAA12920D8A20094B82F /* Main.storyboard in Resources */ = {isa = PBXBuildFile; fileRef = 1E44CAA02920D8A20094B82F /* Main.storyboard */; };
		1E70FA372920667200D22F48 /* SceneDelegate.swift in Sources */ = {isa = PBXBuildFile; fileRef = 1E70FA362920667200D22F48 /* SceneDelegate.swift */; };
		1E79EBCE291E4B4D0010873E /* TripFunctions.swift in Sources */ = {isa = PBXBuildFile; fileRef = 1E79EBCD291E4B4D0010873E /* TripFunctions.swift */; };
		1E79EBD0291E4B5E0010873E /* TripModel.swift in Sources */ = {isa = PBXBuildFile; fileRef = 1E79EBCF291E4B5E0010873E /* TripModel.swift */; };
		1E79EBD4291E521C0010873E /* Data.swift in Sources */ = {isa = PBXBuildFile; fileRef = 1E79EBD3291E521C0010873E /* Data.swift */; };
		1E79EBEA291E65060010873E /* AppDelegate.swift in Sources */ = {isa = PBXBuildFile; fileRef = 1E79EBE9291E65060010873E /* AppDelegate.swift */; };
		1E8556722920DB7100758775 /* TableViewCell.swift in Sources */ = {isa = PBXBuildFile; fileRef = 1E8556712920DB7100758775 /* TableViewCell.swift */; };
		1E8556752921420A00758775 /* UIViewExtensions.swift in Sources */ = {isa = PBXBuildFile; fileRef = 1E8556742921420A00758775 /* UIViewExtensions.swift */; };
		1E8556782921442400758775 /* Theme.swift in Sources */ = {isa = PBXBuildFile; fileRef = 1E8556772921442400758775 /* Theme.swift */; };
		1E85567A2921451B00758775 /* FugazOne-Regular.ttf in Resources */ = {isa = PBXBuildFile; fileRef = 1E8556792921451B00758775 /* FugazOne-Regular.ttf */; };
		1E85567C2921476E00758775 /* Colors.xcassets in Resources */ = {isa = PBXBuildFile; fileRef = 1E85567B2921476E00758775 /* Colors.xcassets */; };
		1E85567E292150E400758775 /* UIButtonExtension.swift in Sources */ = {isa = PBXBuildFile; fileRef = 1E85567D292150E400758775 /* UIButtonExtension.swift */; };
		1E85568029215DCD00758775 /* addTripViewController.storyboard in Resources */ = {isa = PBXBuildFile; fileRef = 1E85567F29215DCD00758775 /* addTripViewController.storyboard */; };
		1E85568229215E4300758775 /* addTripViewController.swift in Sources */ = {isa = PBXBuildFile; fileRef = 1E85568129215E4300758775 /* addTripViewController.swift */; };
		1E8556852921662400758775 /* PopupUIView.swift in Sources */ = {isa = PBXBuildFile; fileRef = 1E8556842921662400758775 /* PopupUIView.swift */; };
		1E855687292169D100758775 /* AppUIButton.swift in Sources */ = {isa = PBXBuildFile; fileRef = 1E855686292169D100758775 /* AppUIButton.swift */; };
		1EFC8165291E2DF20052F2D6 /* Assets.xcassets in Resources */ = {isa = PBXBuildFile; fileRef = 1EFC8164291E2DF20052F2D6 /* Assets.xcassets */; };
		1EFC8168291E2DF20052F2D6 /* LaunchScreen.storyboard in Resources */ = {isa = PBXBuildFile; fileRef = 1EFC8166291E2DF20052F2D6 /* LaunchScreen.storyboard */; };
/* End PBXBuildFile section */

/* Begin PBXFileReference section */
		1E44CA9E2920D8970094B82F /* ViewController.swift */ = {isa = PBXFileReference; fileEncoding = 4; lastKnownFileType = sourcecode.swift; path = ViewController.swift; sourceTree = "<group>"; };
		1E44CAA02920D8A20094B82F /* Main.storyboard */ = {isa = PBXFileReference; fileEncoding = 4; lastKnownFileType = file.storyboard; path = Main.storyboard; sourceTree = "<group>"; };
		1E70FA362920667200D22F48 /* SceneDelegate.swift */ = {isa = PBXFileReference; fileEncoding = 4; lastKnownFileType = sourcecode.swift; path = SceneDelegate.swift; sourceTree = "<group>"; };
		1E79EBCD291E4B4D0010873E /* TripFunctions.swift */ = {isa = PBXFileReference; lastKnownFileType = sourcecode.swift; path = TripFunctions.swift; sourceTree = "<group>"; };
		1E79EBCF291E4B5E0010873E /* TripModel.swift */ = {isa = PBXFileReference; lastKnownFileType = sourcecode.swift; path = TripModel.swift; sourceTree = "<group>"; };
		1E79EBD3291E521C0010873E /* Data.swift */ = {isa = PBXFileReference; lastKnownFileType = sourcecode.swift; path = Data.swift; sourceTree = "<group>"; };
		1E79EBE9291E65060010873E /* AppDelegate.swift */ = {isa = PBXFileReference; lastKnownFileType = sourcecode.swift; path = AppDelegate.swift; sourceTree = "<group>"; };
		1E8556712920DB7100758775 /* TableViewCell.swift */ = {isa = PBXFileReference; lastKnownFileType = sourcecode.swift; path = TableViewCell.swift; sourceTree = "<group>"; };
		1E8556742921420A00758775 /* UIViewExtensions.swift */ = {isa = PBXFileReference; lastKnownFileType = sourcecode.swift; path = UIViewExtensions.swift; sourceTree = "<group>"; };
		1E8556772921442400758775 /* Theme.swift */ = {isa = PBXFileReference; lastKnownFileType = sourcecode.swift; path = Theme.swift; sourceTree = "<group>"; };
		1E8556792921451B00758775 /* FugazOne-Regular.ttf */ = {isa = PBXFileReference; lastKnownFileType = file; path = "FugazOne-Regular.ttf"; sourceTree = "<group>"; };
		1E85567B2921476E00758775 /* Colors.xcassets */ = {isa = PBXFileReference; lastKnownFileType = folder.assetcatalog; path = Colors.xcassets; sourceTree = "<group>"; };
		1E85567D292150E400758775 /* UIButtonExtension.swift */ = {isa = PBXFileReference; lastKnownFileType = sourcecode.swift; path = UIButtonExtension.swift; sourceTree = "<group>"; };
		1E85567F29215DCD00758775 /* addTripViewController.storyboard */ = {isa = PBXFileReference; fileEncoding = 4; lastKnownFileType = file.storyboard; path = addTripViewController.storyboard; sourceTree = "<group>"; };
		1E85568129215E4300758775 /* addTripViewController.swift */ = {isa = PBXFileReference; lastKnownFileType = sourcecode.swift; path = addTripViewController.swift; sourceTree = "<group>"; };
		1E8556842921662400758775 /* PopupUIView.swift */ = {isa = PBXFileReference; lastKnownFileType = sourcecode.swift; path = PopupUIView.swift; sourceTree = "<group>"; };
		1E855686292169D100758775 /* AppUIButton.swift */ = {isa = PBXFileReference; lastKnownFileType = sourcecode.swift; path = AppUIButton.swift; sourceTree = "<group>"; };
		1EFC8158291E2DF10052F2D6 /* Itinerary.app */ = {isa = PBXFileReference; explicitFileType = wrapper.application; includeInIndex = 0; path = Itinerary.app; sourceTree = BUILT_PRODUCTS_DIR; };
		1EFC8164291E2DF20052F2D6 /* Assets.xcassets */ = {isa = PBXFileReference; lastKnownFileType = folder.assetcatalog; path = Assets.xcassets; sourceTree = "<group>"; };
		1EFC8167291E2DF20052F2D6 /* Base */ = {isa = PBXFileReference; lastKnownFileType = file.storyboard; name = Base; path = Base.lproj/LaunchScreen.storyboard; sourceTree = "<group>"; };
		1EFC8169291E2DF20052F2D6 /* Info.plist */ = {isa = PBXFileReference; lastKnownFileType = text.plist.xml; path = Info.plist; sourceTree = "<group>"; };
/* End PBXFileReference section */

/* Begin PBXFrameworksBuildPhase section */
		1EFC8155291E2DF10052F2D6 /* Frameworks */ = {
			isa = PBXFrameworksBuildPhase;
			buildActionMask = 2147483647;
			files = (
			);
			runOnlyForDeploymentPostprocessing = 0;
		};
/* End PBXFrameworksBuildPhase section */

/* Begin PBXGroup section */
		1E79EBCB291E4B180010873E /* Model */ = {
			isa = PBXGroup;
			children = (
				1E79EBD3291E521C0010873E /* Data.swift */,
				1E79EBCC291E4B260010873E /* Trip */,
			);
			path = Model;
			sourceTree = "<group>";
		};
		1E79EBCC291E4B260010873E /* Trip */ = {
			isa = PBXGroup;
			children = (
				1E79EBCD291E4B4D0010873E /* TripFunctions.swift */,
				1E79EBCF291E4B5E0010873E /* TripModel.swift */,
			);
			path = Trip;
			sourceTree = "<group>";
		};
		1E79EBD5291E59CF0010873E /* Views */ = {
			isa = PBXGroup;
			children = (
				1E79EBD6291E59FE0010873E /* TripsViewController */,
			);
			path = Views;
			sourceTree = "<group>";
		};
		1E79EBD6291E59FE0010873E /* TripsViewController */ = {
			isa = PBXGroup;
			children = (
				1E85567F29215DCD00758775 /* addTripViewController.storyboard */,
				1E85568129215E4300758775 /* addTripViewController.swift */,
			);
			path = TripsViewController;
			sourceTree = "<group>";
		};
		1E855673292141E000758775 /* Extensions */ = {
			isa = PBXGroup;
			children = (
				1E8556742921420A00758775 /* UIViewExtensions.swift */,
				1E85567D292150E400758775 /* UIButtonExtension.swift */,
			);
			path = Extensions;
			sourceTree = "<group>";
		};
		1E855676292143F700758775 /* Resources */ = {
			isa = PBXGroup;
			children = (
				1E855683292165E200758775 /* CustomControls */,
				1E855673292141E000758775 /* Extensions */,
				1E8556792921451B00758775 /* FugazOne-Regular.ttf */,
				1E8556772921442400758775 /* Theme.swift */,
				1E85567B2921476E00758775 /* Colors.xcassets */,
			);
			path = Resources;
			sourceTree = "<group>";
		};
		1E855683292165E200758775 /* CustomControls */ = {
			isa = PBXGroup;
			children = (
				1E8556842921662400758775 /* PopupUIView.swift */,
				1E855686292169D100758775 /* AppUIButton.swift */,
			);
			path = CustomControls;
			sourceTree = "<group>";
		};
		1EFC814F291E2DF10052F2D6 = {
			isa = PBXGroup;
			children = (
				1EFC815A291E2DF10052F2D6 /* Itinerary */,
				1EFC8159291E2DF10052F2D6 /* Products */,
			);
			sourceTree = "<group>";
		};
		1EFC8159291E2DF10052F2D6 /* Products */ = {
			isa = PBXGroup;
			children = (
				1EFC8158291E2DF10052F2D6 /* Itinerary.app */,
			);
			name = Products;
			sourceTree = "<group>";
		};
		1EFC815A291E2DF10052F2D6 /* Itinerary */ = {
			isa = PBXGroup;
			children = (
				1E855676292143F700758775 /* Resources */,
				1E79EBD5291E59CF0010873E /* Views */,
				1E79EBCB291E4B180010873E /* Model */,
				1EFC8164291E2DF20052F2D6 /* Assets.xcassets */,
				1E70FA362920667200D22F48 /* SceneDelegate.swift */,
				1E79EBE9291E65060010873E /* AppDelegate.swift */,
				1EFC8166291E2DF20052F2D6 /* LaunchScreen.storyboard */,
				1E44CA9E2920D8970094B82F /* ViewController.swift */,
				1E8556712920DB7100758775 /* TableViewCell.swift */,
				1E44CAA02920D8A20094B82F /* Main.storyboard */,
				1EFC8169291E2DF20052F2D6 /* Info.plist */,
			);
			path = Itinerary;
			sourceTree = "<group>";
		};
/* End PBXGroup section */

/* Begin PBXNativeTarget section */
		1EFC8157291E2DF10052F2D6 /* Itinerary */ = {
			isa = PBXNativeTarget;
			buildConfigurationList = 1EFC816C291E2DF20052F2D6 /* Build configuration list for PBXNativeTarget "Itinerary" */;
			buildPhases = (
				1EFC8154291E2DF10052F2D6 /* Sources */,
				1EFC8155291E2DF10052F2D6 /* Frameworks */,
				1EFC8156291E2DF10052F2D6 /* Resources */,
			);
			buildRules = (
			);
			dependencies = (
			);
			name = Itinerary;
			productName = Itinerary;
			productReference = 1EFC8158291E2DF10052F2D6 /* Itinerary.app */;
			productType = "com.apple.product-type.application";
		};
/* End PBXNativeTarget section */

/* Begin PBXProject section */
		1EFC8150291E2DF10052F2D6 /* Project object */ = {
			isa = PBXProject;
			attributes = {
				BuildIndependentTargetsInParallel = 1;
				LastSwiftUpdateCheck = 1410;
				LastUpgradeCheck = 1410;
				TargetAttributes = {
					1EFC8157291E2DF10052F2D6 = {
						CreatedOnToolsVersion = 14.1;
					};
				};
			};
			buildConfigurationList = 1EFC8153291E2DF10052F2D6 /* Build configuration list for PBXProject "Itinerary" */;
			compatibilityVersion = "Xcode 14.0";
			developmentRegion = en;
			hasScannedForEncodings = 0;
			knownRegions = (
				en,
				Base,
			);
			mainGroup = 1EFC814F291E2DF10052F2D6;
			productRefGroup = 1EFC8159291E2DF10052F2D6 /* Products */;
			projectDirPath = "";
			projectRoot = "";
			targets = (
				1EFC8157291E2DF10052F2D6 /* Itinerary */,
			);
		};
/* End PBXProject section */

/* Begin PBXResourcesBuildPhase section */
		1EFC8156291E2DF10052F2D6 /* Resources */ = {
			isa = PBXResourcesBuildPhase;
			buildActionMask = 2147483647;
			files = (
				1EFC8168291E2DF20052F2D6 /* LaunchScreen.storyboard in Resources */,
				1E85568029215DCD00758775 /* addTripViewController.storyboard in Resources */,
				1EFC8165291E2DF20052F2D6 /* Assets.xcassets in Resources */,
				1E85567C2921476E00758775 /* Colors.xcassets in Resources */,
				1E85567A2921451B00758775 /* FugazOne-Regular.ttf in Resources */,
				1E44CAA12920D8A20094B82F /* Main.storyboard in Resources */,
			);
			runOnlyForDeploymentPostprocessing = 0;
		};
/* End PBXResourcesBuildPhase section */

/* Begin PBXSourcesBuildPhase section */
		1EFC8154291E2DF10052F2D6 /* Sources */ = {
			isa = PBXSourcesBuildPhase;
			buildActionMask = 2147483647;
			files = (
				1E70FA372920667200D22F48 /* SceneDelegate.swift in Sources */,
				1E8556852921662400758775 /* PopupUIView.swift in Sources */,
				1E85568229215E4300758775 /* addTripViewController.swift in Sources */,
				1E85567E292150E400758775 /* UIButtonExtension.swift in Sources */,
				1E8556722920DB7100758775 /* TableViewCell.swift in Sources */,
				1E79EBD4291E521C0010873E /* Data.swift in Sources */,
				1E855687292169D100758775 /* AppUIButton.swift in Sources */,
				1E79EBD0291E4B5E0010873E /* TripModel.swift in Sources */,
				1E44CA9F2920D8970094B82F /* ViewController.swift in Sources */,
				1E79EBEA291E65060010873E /* AppDelegate.swift in Sources */,
				1E8556782921442400758775 /* Theme.swift in Sources */,
				1E8556752921420A00758775 /* UIViewExtensions.swift in Sources */,
				1E79EBCE291E4B4D0010873E /* TripFunctions.swift in Sources */,
			);
			runOnlyForDeploymentPostprocessing = 0;
		};
/* End PBXSourcesBuildPhase section */

/* Begin PBXVariantGroup section */
		1EFC8166291E2DF20052F2D6 /* LaunchScreen.storyboard */ = {
			isa = PBXVariantGroup;
			children = (
				1EFC8167291E2DF20052F2D6 /* Base */,
			);
			name = LaunchScreen.storyboard;
			sourceTree = "<group>";
		};
/* End PBXVariantGroup section */

/* Begin XCBuildConfiguration section */
		1EFC816A291E2DF20052F2D6 /* Debug */ = {
			isa = XCBuildConfiguration;
			buildSettings = {
				ALWAYS_SEARCH_USER_PATHS = NO;
				CLANG_ANALYZER_NONNULL = YES;
				CLANG_ANALYZER_NUMBER_OBJECT_CONVERSION = YES_AGGRESSIVE;
				CLANG_CXX_LANGUAGE_STANDARD = "gnu++20";
				CLANG_ENABLE_MODULES = YES;
				CLANG_ENABLE_OBJC_ARC = YES;
				CLANG_ENABLE_OBJC_WEAK = YES;
				CLANG_WARN_BLOCK_CAPTURE_AUTORELEASING = YES;
				CLANG_WARN_BOOL_CONVERSION = YES;
				CLANG_WARN_COMMA = YES;
				CLANG_WARN_CONSTANT_CONVERSION = YES;
				CLANG_WARN_DEPRECATED_OBJC_IMPLEMENTATIONS = YES;
				CLANG_WARN_DIRECT_OBJC_ISA_USAGE = YES_ERROR;
				CLANG_WARN_DOCUMENTATION_COMMENTS = YES;
				CLANG_WARN_EMPTY_BODY = YES;
				CLANG_WARN_ENUM_CONVERSION = YES;
				CLANG_WARN_INFINITE_RECURSION = YES;
				CLANG_WARN_INT_CONVERSION = YES;
				CLANG_WARN_NON_LITERAL_NULL_CONVERSION = YES;
				CLANG_WARN_OBJC_IMPLICIT_RETAIN_SELF = YES;
				CLANG_WARN_OBJC_LITERAL_CONVERSION = YES;
				CLANG_WARN_OBJC_ROOT_CLASS = YES_ERROR;
				CLANG_WARN_QUOTED_INCLUDE_IN_FRAMEWORK_HEADER = YES;
				CLANG_WARN_RANGE_LOOP_ANALYSIS = YES;
				CLANG_WARN_STRICT_PROTOTYPES = YES;
				CLANG_WARN_SUSPICIOUS_MOVE = YES;
				CLANG_WARN_UNGUARDED_AVAILABILITY = YES_AGGRESSIVE;
				CLANG_WARN_UNREACHABLE_CODE = YES;
				CLANG_WARN__DUPLICATE_METHOD_MATCH = YES;
				COPY_PHASE_STRIP = NO;
				DEBUG_INFORMATION_FORMAT = dwarf;
				ENABLE_STRICT_OBJC_MSGSEND = YES;
				ENABLE_TESTABILITY = YES;
				GCC_C_LANGUAGE_STANDARD = gnu11;
				GCC_DYNAMIC_NO_PIC = NO;
				GCC_NO_COMMON_BLOCKS = YES;
				GCC_OPTIMIZATION_LEVEL = 0;
				GCC_PREPROCESSOR_DEFINITIONS = (
					"DEBUG=1",
					"$(inherited)",
				);
				GCC_WARN_64_TO_32_BIT_CONVERSION = YES;
				GCC_WARN_ABOUT_RETURN_TYPE = YES_ERROR;
				GCC_WARN_UNDECLARED_SELECTOR = YES;
				GCC_WARN_UNINITIALIZED_AUTOS = YES_AGGRESSIVE;
				GCC_WARN_UNUSED_FUNCTION = YES;
				GCC_WARN_UNUSED_VARIABLE = YES;
				IPHONEOS_DEPLOYMENT_TARGET = 14.0;
				MTL_ENABLE_DEBUG_INFO = INCLUDE_SOURCE;
				MTL_FAST_MATH = YES;
				ONLY_ACTIVE_ARCH = YES;
				SDKROOT = iphoneos;
				SWIFT_ACTIVE_COMPILATION_CONDITIONS = DEBUG;
				SWIFT_OPTIMIZATION_LEVEL = "-Onone";
			};
			name = Debug;
		};
		1EFC816B291E2DF20052F2D6 /* Release */ = {
			isa = XCBuildConfiguration;
			buildSettings = {
				ALWAYS_SEARCH_USER_PATHS = NO;
				CLANG_ANALYZER_NONNULL = YES;
				CLANG_ANALYZER_NUMBER_OBJECT_CONVERSION = YES_AGGRESSIVE;
				CLANG_CXX_LANGUAGE_STANDARD = "gnu++20";
				CLANG_ENABLE_MODULES = YES;
				CLANG_ENABLE_OBJC_ARC = YES;
				CLANG_ENABLE_OBJC_WEAK = YES;
				CLANG_WARN_BLOCK_CAPTURE_AUTORELEASING = YES;
				CLANG_WARN_BOOL_CONVERSION = YES;
				CLANG_WARN_COMMA = YES;
				CLANG_WARN_CONSTANT_CONVERSION = YES;
				CLANG_WARN_DEPRECATED_OBJC_IMPLEMENTATIONS = YES;
				CLANG_WARN_DIRECT_OBJC_ISA_USAGE = YES_ERROR;
				CLANG_WARN_DOCUMENTATION_COMMENTS = YES;
				CLANG_WARN_EMPTY_BODY = YES;
				CLANG_WARN_ENUM_CONVERSION = YES;
				CLANG_WARN_INFINITE_RECURSION = YES;
				CLANG_WARN_INT_CONVERSION = YES;
				CLANG_WARN_NON_LITERAL_NULL_CONVERSION = YES;
				CLANG_WARN_OBJC_IMPLICIT_RETAIN_SELF = YES;
				CLANG_WARN_OBJC_LITERAL_CONVERSION = YES;
				CLANG_WARN_OBJC_ROOT_CLASS = YES_ERROR;
				CLANG_WARN_QUOTED_INCLUDE_IN_FRAMEWORK_HEADER = YES;
				CLANG_WARN_RANGE_LOOP_ANALYSIS = YES;
				CLANG_WARN_STRICT_PROTOTYPES = YES;
				CLANG_WARN_SUSPICIOUS_MOVE = YES;
				CLANG_WARN_UNGUARDED_AVAILABILITY = YES_AGGRESSIVE;
				CLANG_WARN_UNREACHABLE_CODE = YES;
				CLANG_WARN__DUPLICATE_METHOD_MATCH = YES;
				COPY_PHASE_STRIP = NO;
				DEBUG_INFORMATION_FORMAT = "dwarf-with-dsym";
				ENABLE_NS_ASSERTIONS = NO;
				ENABLE_STRICT_OBJC_MSGSEND = YES;
				GCC_C_LANGUAGE_STANDARD = gnu11;
				GCC_NO_COMMON_BLOCKS = YES;
				GCC_WARN_64_TO_32_BIT_CONVERSION = YES;
				GCC_WARN_ABOUT_RETURN_TYPE = YES_ERROR;
				GCC_WARN_UNDECLARED_SELECTOR = YES;
				GCC_WARN_UNINITIALIZED_AUTOS = YES_AGGRESSIVE;
				GCC_WARN_UNUSED_FUNCTION = YES;
				GCC_WARN_UNUSED_VARIABLE = YES;
				IPHONEOS_DEPLOYMENT_TARGET = 14.0;
				MTL_ENABLE_DEBUG_INFO = NO;
				MTL_FAST_MATH = YES;
				SDKROOT = iphoneos;
				SWIFT_COMPILATION_MODE = wholemodule;
				SWIFT_OPTIMIZATION_LEVEL = "-O";
				VALIDATE_PRODUCT = YES;
			};
			name = Release;
		};
		1EFC816D291E2DF20052F2D6 /* Debug */ = {
			isa = XCBuildConfiguration;
			buildSettings = {
				ASSETCATALOG_COMPILER_APPICON_NAME = AppIcon;
				ASSETCATALOG_COMPILER_GLOBAL_ACCENT_COLOR_NAME = AccentColor;
				CODE_SIGN_STYLE = Automatic;
				CURRENT_PROJECT_VERSION = 1;
				DEVELOPMENT_TEAM = A65V9AYPYH;
				GENERATE_INFOPLIST_FILE = YES;
				INFOPLIST_FILE = Itinerary/Info.plist;
				INFOPLIST_KEY_LSApplicationCategoryType = "public.app-category.travel";
				INFOPLIST_KEY_UIApplicationSupportsIndirectInputEvents = YES;
				INFOPLIST_KEY_UILaunchStoryboardName = LaunchScreen.storyboard;
				INFOPLIST_KEY_UIMainStoryboardFile = Main;
				INFOPLIST_KEY_UIRequiresFullScreen = NO;
				INFOPLIST_KEY_UIStatusBarStyle = "";
				INFOPLIST_KEY_UISupportedInterfaceOrientations_iPad = "UIInterfaceOrientationPortrait UIInterfaceOrientationPortraitUpsideDown UIInterfaceOrientationLandscapeLeft UIInterfaceOrientationLandscapeRight";
				INFOPLIST_KEY_UISupportedInterfaceOrientations_iPhone = "UIInterfaceOrientationPortrait UIInterfaceOrientationLandscapeLeft UIInterfaceOrientationLandscapeRight";
				IPHONEOS_DEPLOYMENT_TARGET = 14.0;
				LD_RUNPATH_SEARCH_PATHS = (
					"$(inherited)",
					"@executable_path/Frameworks",
				);
				MARKETING_VERSION = 1.0;
				PRODUCT_BUNDLE_IDENTIFIER = "Place-2B.Itinerary";
				PRODUCT_NAME = "$(TARGET_NAME)";
				SWIFT_EMIT_LOC_STRINGS = YES;
				SWIFT_VERSION = 5.0;
				TARGETED_DEVICE_FAMILY = "1,2";
			};
			name = Debug;
		};
		1EFC816E291E2DF20052F2D6 /* Release */ = {
			isa = XCBuildConfiguration;
			buildSettings = {
				ASSETCATALOG_COMPILER_APPICON_NAME = AppIcon;
				ASSETCATALOG_COMPILER_GLOBAL_ACCENT_COLOR_NAME = AccentColor;
				CODE_SIGN_STYLE = Automatic;
				CURRENT_PROJECT_VERSION = 1;
				DEVELOPMENT_TEAM = A65V9AYPYH;
				GENERATE_INFOPLIST_FILE = YES;
				INFOPLIST_FILE = Itinerary/Info.plist;
				INFOPLIST_KEY_LSApplicationCategoryType = "public.app-category.travel";
				INFOPLIST_KEY_UIApplicationSupportsIndirectInputEvents = YES;
				INFOPLIST_KEY_UILaunchStoryboardName = LaunchScreen.storyboard;
				INFOPLIST_KEY_UIMainStoryboardFile = Main;
				INFOPLIST_KEY_UIRequiresFullScreen = NO;
				INFOPLIST_KEY_UIStatusBarStyle = "";
				INFOPLIST_KEY_UISupportedInterfaceOrientations_iPad = "UIInterfaceOrientationPortrait UIInterfaceOrientationPortraitUpsideDown UIInterfaceOrientationLandscapeLeft UIInterfaceOrientationLandscapeRight";
				INFOPLIST_KEY_UISupportedInterfaceOrientations_iPhone = "UIInterfaceOrientationPortrait UIInterfaceOrientationLandscapeLeft UIInterfaceOrientationLandscapeRight";
				IPHONEOS_DEPLOYMENT_TARGET = 14.0;
				LD_RUNPATH_SEARCH_PATHS = (
					"$(inherited)",
					"@executable_path/Frameworks",
				);
				MARKETING_VERSION = 1.0;
				PRODUCT_BUNDLE_IDENTIFIER = "Place-2B.Itinerary";
				PRODUCT_NAME = "$(TARGET_NAME)";
				SWIFT_EMIT_LOC_STRINGS = YES;
				SWIFT_VERSION = 5.0;
				TARGETED_DEVICE_FAMILY = "1,2";
			};
			name = Release;
		};
/* End XCBuildConfiguration section */

/* Begin XCConfigurationList section */
		1EFC8153291E2DF10052F2D6 /* Build configuration list for PBXProject "Itinerary" */ = {
			isa = XCConfigurationList;
			buildConfigurations = (
				1EFC816A291E2DF20052F2D6 /* Debug */,
				1EFC816B291E2DF20052F2D6 /* Release */,
			);
			defaultConfigurationIsVisible = 0;
			defaultConfigurationName = Release;
		};
		1EFC816C291E2DF20052F2D6 /* Build configuration list for PBXNativeTarget "Itinerary" */ = {
			isa = XCConfigurationList;
			buildConfigurations = (
				1EFC816D291E2DF20052F2D6 /* Debug */,
				1EFC816E291E2DF20052F2D6 /* Release */,
			);
			defaultConfigurationIsVisible = 0;
			defaultConfigurationName = Release;
		};
/* End XCConfigurationList section */
	};
	rootObject = 1EFC8150291E2DF10052F2D6 /* Project object */;
}
